
Microsoft Visual Studio Solution File, Format Version 12.00
# Visual Studio Version 16
VisualStudioVersion = 16.0.30717.126
MinimumVisualStudioVersion = 10.0.40219.1
Project("{9A19103F-16F7-4668-BE54-9A1E7A4F7556}") = "MeowIOTBot", "MeowIOTBot.csproj", "{3CD6E6DE-6285-4D2A-A4AF-5DDDCD92B3F4}"
EndProject
Project("{FAE04EC0-301F-11D3-BF4B-00C04F79EFBC}") = "MeowIOTTest", "..\MeowIOTTest\MeowIOTTest.csproj", "{873F0407-54B0-4788-9935-A271395CDFBB}"
EndProject
Global
	GlobalSection(SolutionConfigurationPlatforms) = preSolution
		Debug|Any CPU = Debug|Any CPU
		Release|Any CPU = Release|Any CPU
	EndGlobalSection
	GlobalSection(ProjectConfigurationPlatforms) = postSolution
		{3CD6E6DE-6285-4D2A-A4AF-5DDDCD92B3F4}.Debug|Any CPU.ActiveCfg = Debug|Any CPU
		{3CD6E6DE-6285-4D2A-A4AF-5DDDCD92B3F4}.Debug|Any CPU.Build.0 = Debug|Any CPU
		{3CD6E6DE-6285-4D2A-A4AF-5DDDCD92B3F4}.Release|Any CPU.ActiveCfg = Release|Any CPU
		{3CD6E6DE-6285-4D2A-A4AF-5DDDCD92B3F4}.Release|Any CPU.Build.0 = Release|Any CPU
		{873F0407-54B0-4788-9935-A271395CDFBB}.Debug|Any CPU.ActiveCfg = Debug|Any CPU
		{873F0407-54B0-4788-9935-A271395CDFBB}.Debug|Any CPU.Build.0 = Debug|Any CPU
		{873F0407-54B0-4788-9935-A271395CDFBB}.Release|Any CPU.ActiveCfg = Release|Any CPU
		{873F0407-54B0-4788-9935-A271395CDFBB}.Release|Any CPU.Build.0 = Release|Any CPU
	EndGlobalSection
	GlobalSection(SolutionProperties) = preSolution
		HideSolutionNode = FALSE
	EndGlobalSection
	GlobalSection(ExtensibilityGlobals) = postSolution
		SolutionGuid = {6E8EC361-1632-4BAD-BD65-C35212562092}
	EndGlobalSection
EndGlobal
